
Microsoft Visual Studio Solution File, Format Version 12.00
# Visual Studio 15
VisualStudioVersion = 15.0.28010.2041
MinimumVisualStudioVersion = 10.0.40219.1
Project("{FAE04EC0-301F-11D3-BF4B-00C04F79EFBC}") = "NTHULearnor", "NTHULearnor\NTHULearnor.csproj", "{3BB4B88C-A61E-4572-91AF-E24A43AF3F30}"
EndProject
Global
	GlobalSection(SolutionConfigurationPlatforms) = preSolution
		Debug|Any CPU = Debug|Any CPU
		Release|Any CPU = Release|Any CPU
	EndGlobalSection
	GlobalSection(ProjectConfigurationPlatforms) = postSolution
		{3BB4B88C-A61E-4572-91AF-E24A43AF3F30}.Debug|Any CPU.ActiveCfg = Debug|Any CPU
		{3BB4B88C-A61E-4572-91AF-E24A43AF3F30}.Debug|Any CPU.Build.0 = Debug|Any CPU
		{3BB4B88C-A61E-4572-91AF-E24A43AF3F30}.Release|Any CPU.ActiveCfg = Release|Any CPU
		{3BB4B88C-A61E-4572-91AF-E24A43AF3F30}.Release|Any CPU.Build.0 = Release|Any CPU
	EndGlobalSection
	GlobalSection(SolutionProperties) = preSolution
		HideSolutionNode = FALSE
	EndGlobalSection
	GlobalSection(ExtensibilityGlobals) = postSolution
		SolutionGuid = {09A89370-18AD-4AC1-A19E-940C9C38F8F8}
	EndGlobalSection
EndGlobal
